
Microsoft Visual Studio Solution File, Format Version 12.00
# Visual Studio 15
VisualStudioVersion = 15.0.28307.329
MinimumVisualStudioVersion = 10.0.40219.1
Project("{FAE04EC0-301F-11D3-BF4B-00C04F79EFBC}") = "Coleccion", "Coleccion\Coleccion.csproj", "{C3A79C68-E020-435F-A413-6FD97FAAFF53}"
EndProject
Global
	GlobalSection(SolutionConfigurationPlatforms) = preSolution
		Debug|Any CPU = Debug|Any CPU
		Release|Any CPU = Release|Any CPU
	EndGlobalSection
	GlobalSection(ProjectConfigurationPlatforms) = postSolution
		{C3A79C68-E020-435F-A413-6FD97FAAFF53}.Debug|Any CPU.ActiveCfg = Debug|Any CPU
		{C3A79C68-E020-435F-A413-6FD97FAAFF53}.Debug|Any CPU.Build.0 = Debug|Any CPU
		{C3A79C68-E020-435F-A413-6FD97FAAFF53}.Release|Any CPU.ActiveCfg = Release|Any CPU
		{C3A79C68-E020-435F-A413-6FD97FAAFF53}.Release|Any CPU.Build.0 = Release|Any CPU
	EndGlobalSection
	GlobalSection(SolutionProperties) = preSolution
		HideSolutionNode = FALSE
	EndGlobalSection
	GlobalSection(ExtensibilityGlobals) = postSolution
		SolutionGuid = {39316BD0-B265-4D0F-8A8C-053A47CBCE40}
	EndGlobalSection
EndGlobal
